
Microsoft Visual Studio Solution File, Format Version 12.00
# Visual Studio Version 17
VisualStudioVersion = 17.4.33122.133
MinimumVisualStudioVersion = 10.0.40219.1
Project("{FAE04EC0-301F-11D3-BF4B-00C04F79EFBC}") = "OnThi2", "OnThi2\OnThi2.csproj", "{9F9A22E6-9845-4CC9-A689-184564737724}"
EndProject
Global
	GlobalSection(SolutionConfigurationPlatforms) = preSolution
		Debug|Any CPU = Debug|Any CPU
		Release|Any CPU = Release|Any CPU
	EndGlobalSection
	GlobalSection(ProjectConfigurationPlatforms) = postSolution
		{9F9A22E6-9845-4CC9-A689-184564737724}.Debug|Any CPU.ActiveCfg = Debug|Any CPU
		{9F9A22E6-9845-4CC9-A689-184564737724}.Debug|Any CPU.Build.0 = Debug|Any CPU
		{9F9A22E6-9845-4CC9-A689-184564737724}.Release|Any CPU.ActiveCfg = Release|Any CPU
		{9F9A22E6-9845-4CC9-A689-184564737724}.Release|Any CPU.Build.0 = Release|Any CPU
	EndGlobalSection
	GlobalSection(SolutionProperties) = preSolution
		HideSolutionNode = FALSE
	EndGlobalSection
	GlobalSection(ExtensibilityGlobals) = postSolution
		SolutionGuid = {AB372B25-50C6-429A-B7C6-6513F8505011}
	EndGlobalSection
EndGlobal
